
Microsoft Visual Studio Solution File, Format Version 12.00
# Visual Studio Version 17
VisualStudioVersion = 17.4.33205.214
MinimumVisualStudioVersion = 10.0.40219.1
Project("{2150E333-8FDC-42A3-9474-1A3956D46DE8}") = "Solution", "Solution", "{C458E693-D11A-4A73-BFC2-66CD5ABD35D6}"
EndProject
Project("{9A19103F-16F7-4668-BE54-9A1E7A4F7556}") = "EHR.Api", "Solution\EHR.Api\EHR.Api.csproj", "{1A2BB6C0-DB33-402D-8056-C5C2FE1BEDAC}"
EndProject
Project("{9A19103F-16F7-4668-BE54-9A1E7A4F7556}") = "EHR.Infrastructure", "Solution\EHR.Infrastructure\EHR.Infrastructure.csproj", "{B661FA28-9E43-4CC1-AA51-94F7F5611F1B}"
EndProject
Project("{9A19103F-16F7-4668-BE54-9A1E7A4F7556}") = "EHR.Core", "Solution\EHR.Core\EHR.Core.csproj", "{2633B78A-6AB4-42F2-B58E-E81495AFEC2D}"
EndProject
Project("{9A19103F-16F7-4668-BE54-9A1E7A4F7556}") = "EHR.Application", "Solution\EHR.Application\EHR.Application.csproj", "{2BEF5ACE-6357-4872-AB42-1BCCCCF3C478}"
EndProject
Project("{9A19103F-16F7-4668-BE54-9A1E7A4F7556}") = "EHR.UnitTest", "Solution\EHR.UnitTest\EHR.UnitTest.csproj", "{87003603-A2BD-49CC-B9DD-8BB377DB9D77}"
EndProject
Project("{E53339B2-1760-4266-BCC7-CA923CBCF16C}") = "docker-compose", "docker-compose.dcproj", "{64502C88-1E39-4F7D-A7CC-7BC58370B5B8}"
EndProject
Global
	GlobalSection(SolutionConfigurationPlatforms) = preSolution
		Debug|Any CPU = Debug|Any CPU
		Release|Any CPU = Release|Any CPU
	EndGlobalSection
	GlobalSection(ProjectConfigurationPlatforms) = postSolution
		{1A2BB6C0-DB33-402D-8056-C5C2FE1BEDAC}.Debug|Any CPU.ActiveCfg = Debug|Any CPU
		{1A2BB6C0-DB33-402D-8056-C5C2FE1BEDAC}.Debug|Any CPU.Build.0 = Debug|Any CPU
		{1A2BB6C0-DB33-402D-8056-C5C2FE1BEDAC}.Release|Any CPU.ActiveCfg = Release|Any CPU
		{1A2BB6C0-DB33-402D-8056-C5C2FE1BEDAC}.Release|Any CPU.Build.0 = Release|Any CPU
		{B661FA28-9E43-4CC1-AA51-94F7F5611F1B}.Debug|Any CPU.ActiveCfg = Debug|Any CPU
		{B661FA28-9E43-4CC1-AA51-94F7F5611F1B}.Debug|Any CPU.Build.0 = Debug|Any CPU
		{B661FA28-9E43-4CC1-AA51-94F7F5611F1B}.Release|Any CPU.ActiveCfg = Release|Any CPU
		{B661FA28-9E43-4CC1-AA51-94F7F5611F1B}.Release|Any CPU.Build.0 = Release|Any CPU
		{2633B78A-6AB4-42F2-B58E-E81495AFEC2D}.Debug|Any CPU.ActiveCfg = Debug|Any CPU
		{2633B78A-6AB4-42F2-B58E-E81495AFEC2D}.Debug|Any CPU.Build.0 = Debug|Any CPU
		{2633B78A-6AB4-42F2-B58E-E81495AFEC2D}.Release|Any CPU.ActiveCfg = Release|Any CPU
		{2633B78A-6AB4-42F2-B58E-E81495AFEC2D}.Release|Any CPU.Build.0 = Release|Any CPU
		{2BEF5ACE-6357-4872-AB42-1BCCCCF3C478}.Debug|Any CPU.ActiveCfg = Debug|Any CPU
		{2BEF5ACE-6357-4872-AB42-1BCCCCF3C478}.Debug|Any CPU.Build.0 = Debug|Any CPU
		{2BEF5ACE-6357-4872-AB42-1BCCCCF3C478}.Release|Any CPU.ActiveCfg = Release|Any CPU
		{2BEF5ACE-6357-4872-AB42-1BCCCCF3C478}.Release|Any CPU.Build.0 = Release|Any CPU
		{87003603-A2BD-49CC-B9DD-8BB377DB9D77}.Debug|Any CPU.ActiveCfg = Debug|Any CPU
		{87003603-A2BD-49CC-B9DD-8BB377DB9D77}.Debug|Any CPU.Build.0 = Debug|Any CPU
		{87003603-A2BD-49CC-B9DD-8BB377DB9D77}.Release|Any CPU.ActiveCfg = Release|Any CPU
		{87003603-A2BD-49CC-B9DD-8BB377DB9D77}.Release|Any CPU.Build.0 = Release|Any CPU
		{64502C88-1E39-4F7D-A7CC-7BC58370B5B8}.Debug|Any CPU.ActiveCfg = Debug|Any CPU
		{64502C88-1E39-4F7D-A7CC-7BC58370B5B8}.Debug|Any CPU.Build.0 = Debug|Any CPU
		{64502C88-1E39-4F7D-A7CC-7BC58370B5B8}.Release|Any CPU.ActiveCfg = Release|Any CPU
		{64502C88-1E39-4F7D-A7CC-7BC58370B5B8}.Release|Any CPU.Build.0 = Release|Any CPU
	EndGlobalSection
	GlobalSection(SolutionProperties) = preSolution
		HideSolutionNode = FALSE
	EndGlobalSection
	GlobalSection(NestedProjects) = preSolution
		{1A2BB6C0-DB33-402D-8056-C5C2FE1BEDAC} = {C458E693-D11A-4A73-BFC2-66CD5ABD35D6}
		{B661FA28-9E43-4CC1-AA51-94F7F5611F1B} = {C458E693-D11A-4A73-BFC2-66CD5ABD35D6}
		{2633B78A-6AB4-42F2-B58E-E81495AFEC2D} = {C458E693-D11A-4A73-BFC2-66CD5ABD35D6}
		{2BEF5ACE-6357-4872-AB42-1BCCCCF3C478} = {C458E693-D11A-4A73-BFC2-66CD5ABD35D6}
		{87003603-A2BD-49CC-B9DD-8BB377DB9D77} = {C458E693-D11A-4A73-BFC2-66CD5ABD35D6}
	EndGlobalSection
	GlobalSection(ExtensibilityGlobals) = postSolution
		SolutionGuid = {B6E81961-3DA3-43EC-AD4E-02E088B82877}
	EndGlobalSection
EndGlobal
